
Microsoft Visual Studio Solution File, Format Version 12.00
# Visual Studio 14
VisualStudioVersion = 14.0.25420.1
MinimumVisualStudioVersion = 10.0.40219.1
Project("{FAE04EC0-301F-11D3-BF4B-00C04F79EFBC}") = "Cache", "Cache\Cache.csproj", "{D33F1E5A-B846-4F72-B256-4DEB014C54E7}"
EndProject
Project("{FAE04EC0-301F-11D3-BF4B-00C04F79EFBC}") = "Cache.Tests", "Cache.Tests\Cache.Tests.csproj", "{348EC0EA-4753-4B11-94EA-2F5CC5F54305}"
EndProject
Global
	GlobalSection(SolutionConfigurationPlatforms) = preSolution
		Debug|Any CPU = Debug|Any CPU
		Release|Any CPU = Release|Any CPU
	EndGlobalSection
	GlobalSection(ProjectConfigurationPlatforms) = postSolution
		{D33F1E5A-B846-4F72-B256-4DEB014C54E7}.Debug|Any CPU.ActiveCfg = Debug|Any CPU
		{D33F1E5A-B846-4F72-B256-4DEB014C54E7}.Debug|Any CPU.Build.0 = Debug|Any CPU
		{D33F1E5A-B846-4F72-B256-4DEB014C54E7}.Release|Any CPU.ActiveCfg = Release|Any CPU
		{D33F1E5A-B846-4F72-B256-4DEB014C54E7}.Release|Any CPU.Build.0 = Release|Any CPU
		{348EC0EA-4753-4B11-94EA-2F5CC5F54305}.Debug|Any CPU.ActiveCfg = Debug|Any CPU
		{348EC0EA-4753-4B11-94EA-2F5CC5F54305}.Debug|Any CPU.Build.0 = Debug|Any CPU
		{348EC0EA-4753-4B11-94EA-2F5CC5F54305}.Release|Any CPU.ActiveCfg = Release|Any CPU
		{348EC0EA-4753-4B11-94EA-2F5CC5F54305}.Release|Any CPU.Build.0 = Release|Any CPU
	EndGlobalSection
	GlobalSection(SolutionProperties) = preSolution
		HideSolutionNode = FALSE
	EndGlobalSection
EndGlobal
