
Microsoft Visual Studio Solution File, Format Version 12.00
# Visual Studio 14
VisualStudioVersion = 14.0.25420.1
MinimumVisualStudioVersion = 10.0.40219.1
Project("{FAE04EC0-301F-11D3-BF4B-00C04F79EFBC}") = "WebApi", "WebApi\WebApi.csproj", "{9D3DE277-0D9C-49C7-8863-2F99555D89FE}"
EndProject
Project("{FAE04EC0-301F-11D3-BF4B-00C04F79EFBC}") = "WebApi.Tests", "WebApi.Tests\WebApi.Tests.csproj", "{398430DB-EDAC-467E-A36A-6EF54A31A70A}"
EndProject
Project("{FAE04EC0-301F-11D3-BF4B-00C04F79EFBC}") = "LibFYP", "LibFYP\LibFYP.csproj", "{E53C429B-5DB8-41EF-BA74-8677667E03FE}"
EndProject
Project("{FAE04EC0-301F-11D3-BF4B-00C04F79EFBC}") = "DataRepo", "DataRepo\DataRepo.csproj", "{DA850E0D-7E17-496A-B1D1-77333D060909}"
EndProject
Project("{FAE04EC0-301F-11D3-BF4B-00C04F79EFBC}") = "DataRepo.Tests", "DataRepo.Tests\DataRepo.Tests.csproj", "{8B6B1AE7-B740-4FD4-B078-B01F6094C6E1}"
EndProject
Global
	GlobalSection(SolutionConfigurationPlatforms) = preSolution
		Debug|Any CPU = Debug|Any CPU
		Release|Any CPU = Release|Any CPU
	EndGlobalSection
	GlobalSection(ProjectConfigurationPlatforms) = postSolution
		{9D3DE277-0D9C-49C7-8863-2F99555D89FE}.Debug|Any CPU.ActiveCfg = Debug|Any CPU
		{9D3DE277-0D9C-49C7-8863-2F99555D89FE}.Debug|Any CPU.Build.0 = Debug|Any CPU
		{9D3DE277-0D9C-49C7-8863-2F99555D89FE}.Release|Any CPU.ActiveCfg = Release|Any CPU
		{9D3DE277-0D9C-49C7-8863-2F99555D89FE}.Release|Any CPU.Build.0 = Release|Any CPU
		{398430DB-EDAC-467E-A36A-6EF54A31A70A}.Debug|Any CPU.ActiveCfg = Debug|Any CPU
		{398430DB-EDAC-467E-A36A-6EF54A31A70A}.Debug|Any CPU.Build.0 = Debug|Any CPU
		{398430DB-EDAC-467E-A36A-6EF54A31A70A}.Release|Any CPU.ActiveCfg = Release|Any CPU
		{398430DB-EDAC-467E-A36A-6EF54A31A70A}.Release|Any CPU.Build.0 = Release|Any CPU
		{E53C429B-5DB8-41EF-BA74-8677667E03FE}.Debug|Any CPU.ActiveCfg = Debug|Any CPU
		{E53C429B-5DB8-41EF-BA74-8677667E03FE}.Debug|Any CPU.Build.0 = Debug|Any CPU
		{E53C429B-5DB8-41EF-BA74-8677667E03FE}.Release|Any CPU.ActiveCfg = Release|Any CPU
		{E53C429B-5DB8-41EF-BA74-8677667E03FE}.Release|Any CPU.Build.0 = Release|Any CPU
		{DA850E0D-7E17-496A-B1D1-77333D060909}.Debug|Any CPU.ActiveCfg = Debug|Any CPU
		{DA850E0D-7E17-496A-B1D1-77333D060909}.Debug|Any CPU.Build.0 = Debug|Any CPU
		{DA850E0D-7E17-496A-B1D1-77333D060909}.Release|Any CPU.ActiveCfg = Release|Any CPU
		{DA850E0D-7E17-496A-B1D1-77333D060909}.Release|Any CPU.Build.0 = Release|Any CPU
		{8B6B1AE7-B740-4FD4-B078-B01F6094C6E1}.Debug|Any CPU.ActiveCfg = Debug|Any CPU
		{8B6B1AE7-B740-4FD4-B078-B01F6094C6E1}.Debug|Any CPU.Build.0 = Debug|Any CPU
		{8B6B1AE7-B740-4FD4-B078-B01F6094C6E1}.Release|Any CPU.ActiveCfg = Release|Any CPU
		{8B6B1AE7-B740-4FD4-B078-B01F6094C6E1}.Release|Any CPU.Build.0 = Release|Any CPU
	EndGlobalSection
	GlobalSection(SolutionProperties) = preSolution
		HideSolutionNode = FALSE
	EndGlobalSection
EndGlobal
